
Microsoft Visual Studio Solution File, Format Version 12.00
# Visual Studio Version 16
VisualStudioVersion = 16.0.30011.22
MinimumVisualStudioVersion = 10.0.40219.1
Project("{888888A0-9F3D-457C-B088-3A5042F75D52}") = "Sudoku_AI", "Sudoku_AI.pyproj", "{15544031-1E00-4773-A4BD-48B6B5B25B60}"
EndProject
Global
	GlobalSection(SolutionConfigurationPlatforms) = preSolution
		Debug|Any CPU = Debug|Any CPU
		Release|Any CPU = Release|Any CPU
	EndGlobalSection
	GlobalSection(ProjectConfigurationPlatforms) = postSolution
		{15544031-1E00-4773-A4BD-48B6B5B25B60}.Debug|Any CPU.ActiveCfg = Debug|Any CPU
		{15544031-1E00-4773-A4BD-48B6B5B25B60}.Release|Any CPU.ActiveCfg = Release|Any CPU
	EndGlobalSection
	GlobalSection(SolutionProperties) = preSolution
		HideSolutionNode = FALSE
	EndGlobalSection
	GlobalSection(ExtensibilityGlobals) = postSolution
		SolutionGuid = {99A15940-939C-4899-AECA-BF556B933463}
	EndGlobalSection
EndGlobal
